
Microsoft Visual Studio Solution File, Format Version 12.00
# Visual Studio 15
VisualStudioVersion = 15.0.28307.1401
MinimumVisualStudioVersion = 10.0.40219.1
Project("{FAE04EC0-301F-11D3-BF4B-00C04F79EFBC}") = "Tank war simulation", "Tank war simulation\Tank war simulation.csproj", "{AF5D0EBD-8E79-42AC-8A4B-348BB44AD30D}"
EndProject
Global
	GlobalSection(SolutionConfigurationPlatforms) = preSolution
		Debug|Any CPU = Debug|Any CPU
		Release|Any CPU = Release|Any CPU
	EndGlobalSection
	GlobalSection(ProjectConfigurationPlatforms) = postSolution
		{AF5D0EBD-8E79-42AC-8A4B-348BB44AD30D}.Debug|Any CPU.ActiveCfg = Debug|Any CPU
		{AF5D0EBD-8E79-42AC-8A4B-348BB44AD30D}.Debug|Any CPU.Build.0 = Debug|Any CPU
		{AF5D0EBD-8E79-42AC-8A4B-348BB44AD30D}.Release|Any CPU.ActiveCfg = Release|Any CPU
		{AF5D0EBD-8E79-42AC-8A4B-348BB44AD30D}.Release|Any CPU.Build.0 = Release|Any CPU
	EndGlobalSection
	GlobalSection(SolutionProperties) = preSolution
		HideSolutionNode = FALSE
	EndGlobalSection
	GlobalSection(ExtensibilityGlobals) = postSolution
		SolutionGuid = {C5DB4AD1-5D33-4F22-93E1-9220C32559B9}
	EndGlobalSection
EndGlobal
